
Microsoft Visual Studio Solution File, Format Version 12.00
# Visual Studio Version 17
VisualStudioVersion = 17.4.33213.308
MinimumVisualStudioVersion = 10.0.40219.1
Project("{FAE04EC0-301F-11D3-BF4B-00C04F79EFBC}") = "Задание «Классификации кошек»", "Задание «Классификации кошек»\Задание «Классификации кошек».csproj", "{224717F5-461B-44CF-BD13-4C103AF6B62E}"
EndProject
Global
	GlobalSection(SolutionConfigurationPlatforms) = preSolution
		Debug|Any CPU = Debug|Any CPU
		Release|Any CPU = Release|Any CPU
	EndGlobalSection
	GlobalSection(ProjectConfigurationPlatforms) = postSolution
		{224717F5-461B-44CF-BD13-4C103AF6B62E}.Debug|Any CPU.ActiveCfg = Debug|Any CPU
		{224717F5-461B-44CF-BD13-4C103AF6B62E}.Debug|Any CPU.Build.0 = Debug|Any CPU
		{224717F5-461B-44CF-BD13-4C103AF6B62E}.Release|Any CPU.ActiveCfg = Release|Any CPU
		{224717F5-461B-44CF-BD13-4C103AF6B62E}.Release|Any CPU.Build.0 = Release|Any CPU
	EndGlobalSection
	GlobalSection(SolutionProperties) = preSolution
		HideSolutionNode = FALSE
	EndGlobalSection
	GlobalSection(ExtensibilityGlobals) = postSolution
		SolutionGuid = {AF874C84-C4C4-4228-BA19-EEB04CF4C08F}
	EndGlobalSection
EndGlobal
