
Microsoft Visual Studio Solution File, Format Version 12.00
# Visual Studio Version 17
VisualStudioVersion = 17.4.33213.308
MinimumVisualStudioVersion = 10.0.40219.1
Project("{FAE04EC0-301F-11D3-BF4B-00C04F79EFBC}") = "патерны c-sharp", "патерны c-sharp\патерны c-sharp.csproj", "{58113833-3AD4-4B44-B7EF-D18422375177}"
EndProject
Global
	GlobalSection(SolutionConfigurationPlatforms) = preSolution
		Debug|Any CPU = Debug|Any CPU
		Release|Any CPU = Release|Any CPU
	EndGlobalSection
	GlobalSection(ProjectConfigurationPlatforms) = postSolution
		{58113833-3AD4-4B44-B7EF-D18422375177}.Debug|Any CPU.ActiveCfg = Debug|Any CPU
		{58113833-3AD4-4B44-B7EF-D18422375177}.Debug|Any CPU.Build.0 = Debug|Any CPU
		{58113833-3AD4-4B44-B7EF-D18422375177}.Release|Any CPU.ActiveCfg = Release|Any CPU
		{58113833-3AD4-4B44-B7EF-D18422375177}.Release|Any CPU.Build.0 = Release|Any CPU
	EndGlobalSection
	GlobalSection(SolutionProperties) = preSolution
		HideSolutionNode = FALSE
	EndGlobalSection
	GlobalSection(ExtensibilityGlobals) = postSolution
		SolutionGuid = {F73C387A-5BF4-4832-B8A2-A16492F3FEBF}
	EndGlobalSection
EndGlobal
