
Microsoft Visual Studio Solution File, Format Version 12.00
# Visual Studio Version 17
VisualStudioVersion = 17.4.33213.308
MinimumVisualStudioVersion = 10.0.40219.1
Project("{FAE04EC0-301F-11D3-BF4B-00C04F79EFBC}") = "Задание «Паттерны»", "Задание «Паттерны»\Задание «Паттерны».csproj", "{7B541849-21E8-4D23-B5F5-127F21A31E6F}"
EndProject
Global
	GlobalSection(SolutionConfigurationPlatforms) = preSolution
		Debug|Any CPU = Debug|Any CPU
		Release|Any CPU = Release|Any CPU
	EndGlobalSection
	GlobalSection(ProjectConfigurationPlatforms) = postSolution
		{7B541849-21E8-4D23-B5F5-127F21A31E6F}.Debug|Any CPU.ActiveCfg = Debug|Any CPU
		{7B541849-21E8-4D23-B5F5-127F21A31E6F}.Debug|Any CPU.Build.0 = Debug|Any CPU
		{7B541849-21E8-4D23-B5F5-127F21A31E6F}.Release|Any CPU.ActiveCfg = Release|Any CPU
		{7B541849-21E8-4D23-B5F5-127F21A31E6F}.Release|Any CPU.Build.0 = Release|Any CPU
	EndGlobalSection
	GlobalSection(SolutionProperties) = preSolution
		HideSolutionNode = FALSE
	EndGlobalSection
	GlobalSection(ExtensibilityGlobals) = postSolution
		SolutionGuid = {7D7B59E1-A6BD-410F-980E-7AD9283E767D}
	EndGlobalSection
EndGlobal
